// !$*UTF8*$!
{
	archiveVersion = 1;
	classes = {
	};
	objectVersion = 56;
	objects = {

/* Begin PBXBuildFile section */
		2959BCA929F1234700B6136D /* SurfSpotDetailsViewModel.swift in Sources */ = {isa = PBXBuildFile; fileRef = 2959BCA329F1234700B6136D /* SurfSpotDetailsViewModel.swift */; };
		2959BCAA29F1234700B6136D /* SeasonView.swift in Sources */ = {isa = PBXBuildFile; fileRef = 2959BCA529F1234700B6136D /* SeasonView.swift */; };
		2959BCAB29F1234700B6136D /* WeatherView.swift in Sources */ = {isa = PBXBuildFile; fileRef = 2959BCA629F1234700B6136D /* WeatherView.swift */; };
		2959BCAC29F1234700B6136D /* WavesInfoView.swift in Sources */ = {isa = PBXBuildFile; fileRef = 2959BCA729F1234700B6136D /* WavesInfoView.swift */; };
		2959BCAD29F1234700B6136D /* SurfSpotDetailsViewController.swift in Sources */ = {isa = PBXBuildFile; fileRef = 2959BCA829F1234700B6136D /* SurfSpotDetailsViewController.swift */; };
		2959BCC229F1238100B6136D /* SurfSpotSheetViewModel.swift in Sources */ = {isa = PBXBuildFile; fileRef = 2959BCB129F1238100B6136D /* SurfSpotSheetViewModel.swift */; };
		2959BCC329F1238100B6136D /* SurfSpotsListViewModel.swift in Sources */ = {isa = PBXBuildFile; fileRef = 2959BCB329F1238100B6136D /* SurfSpotsListViewModel.swift */; };
		2959BCC429F1238100B6136D /* SurfSpotsMapClusterAlgorithm.swift in Sources */ = {isa = PBXBuildFile; fileRef = 2959BCB729F1238100B6136D /* SurfSpotsMapClusterAlgorithm.swift */; };
		2959BCC529F1238100B6136D /* CountryCluster.swift in Sources */ = {isa = PBXBuildFile; fileRef = 2959BCB829F1238100B6136D /* CountryCluster.swift */; };
		2959BCC629F1238100B6136D /* SurfSpotsClusterItem.swift in Sources */ = {isa = PBXBuildFile; fileRef = 2959BCB929F1238100B6136D /* SurfSpotsClusterItem.swift */; };
		2959BCC729F1238100B6136D /* CountryMarker.swift in Sources */ = {isa = PBXBuildFile; fileRef = 2959BCBA29F1238100B6136D /* CountryMarker.swift */; };
		2959BCC829F1238100B6136D /* SurfSpotsMapClusterRenderer.swift in Sources */ = {isa = PBXBuildFile; fileRef = 2959BCBB29F1238100B6136D /* SurfSpotsMapClusterRenderer.swift */; };
		2959BCC929F1238100B6136D /* SurfSpotsMapViewController.swift in Sources */ = {isa = PBXBuildFile; fileRef = 2959BCBC29F1238100B6136D /* SurfSpotsMapViewController.swift */; };
		2959BCCA29F1238100B6136D /* SurfSpotSheetViewController.swift in Sources */ = {isa = PBXBuildFile; fileRef = 2959BCBD29F1238100B6136D /* SurfSpotSheetViewController.swift */; };
		2959BCCB29F1238100B6136D /* SurfSpotsListViewController.swift in Sources */ = {isa = PBXBuildFile; fileRef = 2959BCBF29F1238100B6136D /* SurfSpotsListViewController.swift */; };
		2959BCCC29F1238100B6136D /* SurfSpotsListTableManager.swift in Sources */ = {isa = PBXBuildFile; fileRef = 2959BCC029F1238100B6136D /* SurfSpotsListTableManager.swift */; };
		2959BCCD29F1238100B6136D /* SurfSpotsViewController.swift in Sources */ = {isa = PBXBuildFile; fileRef = 2959BCC129F1238100B6136D /* SurfSpotsViewController.swift */; };
		2959BCD129F124EB00B6136D /* CountryPickerViewController+Extensions.swift in Sources */ = {isa = PBXBuildFile; fileRef = 2959BCCF29F124EB00B6136D /* CountryPickerViewController+Extensions.swift */; };
		2959BCD229F124EB00B6136D /* CountryPickerViewController.swift in Sources */ = {isa = PBXBuildFile; fileRef = 2959BCD029F124EB00B6136D /* CountryPickerViewController.swift */; };
		2959BCD529F124F400B6136D /* RootViewController.swift in Sources */ = {isa = PBXBuildFile; fileRef = 2959BCD429F124F400B6136D /* RootViewController.swift */; };
		2959BCD929F125D100B6136D /* ListManager.swift in Sources */ = {isa = PBXBuildFile; fileRef = 2959BCD729F125D100B6136D /* ListManager.swift */; };
		2959BCDA29F125D100B6136D /* TableManager.swift in Sources */ = {isa = PBXBuildFile; fileRef = 2959BCD829F125D100B6136D /* TableManager.swift */; };
		2959BCDD29F125F300B6136D /* google_maps_style.json in Resources */ = {isa = PBXBuildFile; fileRef = 2959BCDC29F125F300B6136D /* google_maps_style.json */; };
		2959BCE029F1260C00B6136D /* Initializable.swift in Sources */ = {isa = PBXBuildFile; fileRef = 2959BCDF29F1260C00B6136D /* Initializable.swift */; };
		2959BCE729F1262900B6136D /* SectionHeaderView.swift in Sources */ = {isa = PBXBuildFile; fileRef = 2959BCE229F1262900B6136D /* SectionHeaderView.swift */; };
		2959BCE829F1262900B6136D /* TableListCell.swift in Sources */ = {isa = PBXBuildFile; fileRef = 2959BCE329F1262900B6136D /* TableListCell.swift */; };
		2959BCE929F1262900B6136D /* TableListCellViewModel.swift in Sources */ = {isa = PBXBuildFile; fileRef = 2959BCE429F1262900B6136D /* TableListCellViewModel.swift */; };
		2959BCEA29F1262900B6136D /* CountryPickerCell.swift in Sources */ = {isa = PBXBuildFile; fileRef = 2959BCE629F1262900B6136D /* CountryPickerCell.swift */; };
		2959BCED29F126EE00B6136D /* AppCoordinator.swift in Sources */ = {isa = PBXBuildFile; fileRef = 2959BCEC29F126EE00B6136D /* AppCoordinator.swift */; };
		2959BCF129F1272400B6136D /* LaunchScreen.storyboard in Resources */ = {isa = PBXBuildFile; fileRef = 2959BCF029F1272400B6136D /* LaunchScreen.storyboard */; };
		2959BCF529F1278900B6136D /* SurferSeason.swift in Sources */ = {isa = PBXBuildFile; fileRef = 2959BCF429F1278900B6136D /* SurferSeason.swift */; };
		2959BCF729F1279B00B6136D /* SurfSpot.swift in Sources */ = {isa = PBXBuildFile; fileRef = 2959BCF629F1279B00B6136D /* SurfSpot.swift */; };
		2959BCF929F127AD00B6136D /* Weather.swift in Sources */ = {isa = PBXBuildFile; fileRef = 2959BCF829F127AD00B6136D /* Weather.swift */; };
		2959BCFB29F127BC00B6136D /* Country.swift in Sources */ = {isa = PBXBuildFile; fileRef = 2959BCFA29F127BC00B6136D /* Country.swift */; };
		2959BD0129F127DA00B6136D /* BaseResponse.swift in Sources */ = {isa = PBXBuildFile; fileRef = 2959BCFD29F127DA00B6136D /* BaseResponse.swift */; };
		2959BD0229F127DA00B6136D /* ApiError.swift in Sources */ = {isa = PBXBuildFile; fileRef = 2959BCFF29F127DA00B6136D /* ApiError.swift */; };
		2959BD0329F127DA00B6136D /* ApiErrorType.swift in Sources */ = {isa = PBXBuildFile; fileRef = 2959BD0029F127DA00B6136D /* ApiErrorType.swift */; };
		2959BD0C29F1280100B6136D /* UIViewController+Extensions.swift in Sources */ = {isa = PBXBuildFile; fileRef = 2959BD0529F1280100B6136D /* UIViewController+Extensions.swift */; };
		2959BD0D29F1280100B6136D /* UIImage+Customize.swift in Sources */ = {isa = PBXBuildFile; fileRef = 2959BD0629F1280100B6136D /* UIImage+Customize.swift */; };
		2959BD0E29F1280100B6136D /* UIColor+Customize.swift in Sources */ = {isa = PBXBuildFile; fileRef = 2959BD0729F1280100B6136D /* UIColor+Customize.swift */; };
		2959BD0F29F1280100B6136D /* UIColor+Initialize.swift in Sources */ = {isa = PBXBuildFile; fileRef = 2959BD0829F1280100B6136D /* UIColor+Initialize.swift */; };
		2959BD1029F1280100B6136D /* Single+Extensions.swift in Sources */ = {isa = PBXBuildFile; fileRef = 2959BD0A29F1280100B6136D /* Single+Extensions.swift */; };
		2959BD1129F1280100B6136D /* SVGImageProcessor.swift in Sources */ = {isa = PBXBuildFile; fileRef = 2959BD0B29F1280100B6136D /* SVGImageProcessor.swift */; };
		2959BD1329F1283300B6136D /* String+Extensions.swift in Sources */ = {isa = PBXBuildFile; fileRef = 2959BD1229F1283300B6136D /* String+Extensions.swift */; };
		2959BD1929F128B100B6136D /* surf_spots_list.json in Resources */ = {isa = PBXBuildFile; fileRef = 2959BD1629F128B100B6136D /* surf_spots_list.json */; };
		2959BD1A29F128B100B6136D /* location_zones_list.json in Resources */ = {isa = PBXBuildFile; fileRef = 2959BD1729F128B100B6136D /* location_zones_list.json */; };
		2959BD1B29F128B100B6136D /* country_names_list.json in Resources */ = {isa = PBXBuildFile; fileRef = 2959BD1829F128B100B6136D /* country_names_list.json */; };
		2959BD1D29F128EA00B6136D /* ApiKeys.swift in Sources */ = {isa = PBXBuildFile; fileRef = 2959BD1C29F128EA00B6136D /* ApiKeys.swift */; };
		2959BD2329F1293300B6136D /* Utils.swift in Sources */ = {isa = PBXBuildFile; fileRef = 2959BD2229F1293300B6136D /* Utils.swift */; };
		2959BD2C29F12A7800B6136D /* AppDelegate.swift in Sources */ = {isa = PBXBuildFile; fileRef = 2959BD2A29F12A7700B6136D /* AppDelegate.swift */; };
		2959BD2D29F12A7800B6136D /* SceneDelegate.swift in Sources */ = {isa = PBXBuildFile; fileRef = 2959BD2B29F12A7800B6136D /* SceneDelegate.swift */; };
		2959BD3929F12AC200B6136D /* Obfuscator.swift in Sources */ = {isa = PBXBuildFile; fileRef = 2959BD3029F12AC200B6136D /* Obfuscator.swift */; };
		2959BD3A29F12AC200B6136D /* RequestService.swift in Sources */ = {isa = PBXBuildFile; fileRef = 2959BD3229F12AC200B6136D /* RequestService.swift */; };
		2959BD3B29F12AC200B6136D /* LocationZoneService.swift in Sources */ = {isa = PBXBuildFile; fileRef = 2959BD3329F12AC200B6136D /* LocationZoneService.swift */; };
		2959BD3C29F12AC200B6136D /* CountryService.swift in Sources */ = {isa = PBXBuildFile; fileRef = 2959BD3429F12AC200B6136D /* CountryService.swift */; };
		2959BD3D29F12AC200B6136D /* SurfSpotService.swift in Sources */ = {isa = PBXBuildFile; fileRef = 2959BD3529F12AC200B6136D /* SurfSpotService.swift */; };
		2959BD3E29F12AC200B6136D /* ApiNetworkProtocol.swift in Sources */ = {isa = PBXBuildFile; fileRef = 2959BD3729F12AC200B6136D /* ApiNetworkProtocol.swift */; };
		2959BD3F29F12AC200B6136D /* JSONDataService.swift in Sources */ = {isa = PBXBuildFile; fileRef = 2959BD3829F12AC200B6136D /* JSONDataService.swift */; };
		2959BD4129F12AE200B6136D /* Assets.xcassets in Resources */ = {isa = PBXBuildFile; fileRef = 2959BD4029F12AE200B6136D /* Assets.xcassets */; };
		2959BD4329F12B0C00B6136D /* SurfSpotsMapViewModel.swift in Sources */ = {isa = PBXBuildFile; fileRef = 2959BD4229F12B0C00B6136D /* SurfSpotsMapViewModel.swift */; };
		298BCF7829DCC235001D3D74 /* Utils.swift in Sources */ = {isa = PBXBuildFile; fileRef = 298BCF7729DCC235001D3D74 /* Utils.swift */; };
		29EEBB3529F1056200873A66 /* Surf_PalUITests.swift in Sources */ = {isa = PBXBuildFile; fileRef = 29EEBB3429F1056200873A66 /* Surf_PalUITests.swift */; };
		29EEBB3729F1056200873A66 /* Surf_PalUITestsLaunchTests.swift in Sources */ = {isa = PBXBuildFile; fileRef = 29EEBB3629F1056200873A66 /* Surf_PalUITestsLaunchTests.swift */; };
		29EEBB3E29F1093200873A66 /* SurfSpotsMapViewController_UITests.swift in Sources */ = {isa = PBXBuildFile; fileRef = 29EEBB3D29F1093200873A66 /* SurfSpotsMapViewController_UITests.swift */; };
		5835D35A0BE6CD7E67CAD7E9 /* Pods_Surf_Pal.framework in Frameworks */ = {isa = PBXBuildFile; fileRef = C33014A58E3B07F53A3E0984 /* Pods_Surf_Pal.framework */; };
/* End PBXBuildFile section */

/* Begin PBXContainerItemProxy section */
		29EEBB3829F1056200873A66 /* PBXContainerItemProxy */ = {
			isa = PBXContainerItemProxy;
			containerPortal = 29D1944929D9F46F00A22C4C /* Project object */;
			proxyType = 1;
			remoteGlobalIDString = 29D1945029D9F46F00A22C4C;
			remoteInfo = "Surf Pal";
		};
/* End PBXContainerItemProxy section */

/* Begin PBXFileReference section */
		2959BCA329F1234700B6136D /* SurfSpotDetailsViewModel.swift */ = {isa = PBXFileReference; fileEncoding = 4; lastKnownFileType = sourcecode.swift; path = SurfSpotDetailsViewModel.swift; sourceTree = "<group>"; };
		2959BCA529F1234700B6136D /* SeasonView.swift */ = {isa = PBXFileReference; fileEncoding = 4; lastKnownFileType = sourcecode.swift; path = SeasonView.swift; sourceTree = "<group>"; };
		2959BCA629F1234700B6136D /* WeatherView.swift */ = {isa = PBXFileReference; fileEncoding = 4; lastKnownFileType = sourcecode.swift; path = WeatherView.swift; sourceTree = "<group>"; };
		2959BCA729F1234700B6136D /* WavesInfoView.swift */ = {isa = PBXFileReference; fileEncoding = 4; lastKnownFileType = sourcecode.swift; path = WavesInfoView.swift; sourceTree = "<group>"; };
		2959BCA829F1234700B6136D /* SurfSpotDetailsViewController.swift */ = {isa = PBXFileReference; fileEncoding = 4; lastKnownFileType = sourcecode.swift; path = SurfSpotDetailsViewController.swift; sourceTree = "<group>"; };
		2959BCB129F1238100B6136D /* SurfSpotSheetViewModel.swift */ = {isa = PBXFileReference; fileEncoding = 4; lastKnownFileType = sourcecode.swift; path = SurfSpotSheetViewModel.swift; sourceTree = "<group>"; };
		2959BCB329F1238100B6136D /* SurfSpotsListViewModel.swift */ = {isa = PBXFileReference; fileEncoding = 4; lastKnownFileType = sourcecode.swift; path = SurfSpotsListViewModel.swift; sourceTree = "<group>"; };
		2959BCB729F1238100B6136D /* SurfSpotsMapClusterAlgorithm.swift */ = {isa = PBXFileReference; fileEncoding = 4; lastKnownFileType = sourcecode.swift; path = SurfSpotsMapClusterAlgorithm.swift; sourceTree = "<group>"; };
		2959BCB829F1238100B6136D /* CountryCluster.swift */ = {isa = PBXFileReference; fileEncoding = 4; lastKnownFileType = sourcecode.swift; path = CountryCluster.swift; sourceTree = "<group>"; };
		2959BCB929F1238100B6136D /* SurfSpotsClusterItem.swift */ = {isa = PBXFileReference; fileEncoding = 4; lastKnownFileType = sourcecode.swift; path = SurfSpotsClusterItem.swift; sourceTree = "<group>"; };
		2959BCBA29F1238100B6136D /* CountryMarker.swift */ = {isa = PBXFileReference; fileEncoding = 4; lastKnownFileType = sourcecode.swift; path = CountryMarker.swift; sourceTree = "<group>"; };
		2959BCBB29F1238100B6136D /* SurfSpotsMapClusterRenderer.swift */ = {isa = PBXFileReference; fileEncoding = 4; lastKnownFileType = sourcecode.swift; path = SurfSpotsMapClusterRenderer.swift; sourceTree = "<group>"; };
		2959BCBC29F1238100B6136D /* SurfSpotsMapViewController.swift */ = {isa = PBXFileReference; fileEncoding = 4; lastKnownFileType = sourcecode.swift; path = SurfSpotsMapViewController.swift; sourceTree = "<group>"; };
		2959BCBD29F1238100B6136D /* SurfSpotSheetViewController.swift */ = {isa = PBXFileReference; fileEncoding = 4; lastKnownFileType = sourcecode.swift; path = SurfSpotSheetViewController.swift; sourceTree = "<group>"; };
		2959BCBF29F1238100B6136D /* SurfSpotsListViewController.swift */ = {isa = PBXFileReference; fileEncoding = 4; lastKnownFileType = sourcecode.swift; path = SurfSpotsListViewController.swift; sourceTree = "<group>"; };
		2959BCC029F1238100B6136D /* SurfSpotsListTableManager.swift */ = {isa = PBXFileReference; fileEncoding = 4; lastKnownFileType = sourcecode.swift; path = SurfSpotsListTableManager.swift; sourceTree = "<group>"; };
		2959BCC129F1238100B6136D /* SurfSpotsViewController.swift */ = {isa = PBXFileReference; fileEncoding = 4; lastKnownFileType = sourcecode.swift; path = SurfSpotsViewController.swift; sourceTree = "<group>"; };
		2959BCCF29F124EB00B6136D /* CountryPickerViewController+Extensions.swift */ = {isa = PBXFileReference; fileEncoding = 4; lastKnownFileType = sourcecode.swift; path = "CountryPickerViewController+Extensions.swift"; sourceTree = "<group>"; };
		2959BCD029F124EB00B6136D /* CountryPickerViewController.swift */ = {isa = PBXFileReference; fileEncoding = 4; lastKnownFileType = sourcecode.swift; path = CountryPickerViewController.swift; sourceTree = "<group>"; };
		2959BCD429F124F400B6136D /* RootViewController.swift */ = {isa = PBXFileReference; fileEncoding = 4; lastKnownFileType = sourcecode.swift; path = RootViewController.swift; sourceTree = "<group>"; };
		2959BCD729F125D100B6136D /* ListManager.swift */ = {isa = PBXFileReference; fileEncoding = 4; lastKnownFileType = sourcecode.swift; path = ListManager.swift; sourceTree = "<group>"; };
		2959BCD829F125D100B6136D /* TableManager.swift */ = {isa = PBXFileReference; fileEncoding = 4; lastKnownFileType = sourcecode.swift; path = TableManager.swift; sourceTree = "<group>"; };
		2959BCDC29F125F300B6136D /* google_maps_style.json */ = {isa = PBXFileReference; fileEncoding = 4; lastKnownFileType = text.json; path = google_maps_style.json; sourceTree = "<group>"; };
		2959BCDF29F1260C00B6136D /* Initializable.swift */ = {isa = PBXFileReference; fileEncoding = 4; lastKnownFileType = sourcecode.swift; path = Initializable.swift; sourceTree = "<group>"; };
		2959BCE229F1262900B6136D /* SectionHeaderView.swift */ = {isa = PBXFileReference; fileEncoding = 4; lastKnownFileType = sourcecode.swift; path = SectionHeaderView.swift; sourceTree = "<group>"; };
		2959BCE329F1262900B6136D /* TableListCell.swift */ = {isa = PBXFileReference; fileEncoding = 4; lastKnownFileType = sourcecode.swift; path = TableListCell.swift; sourceTree = "<group>"; };
		2959BCE429F1262900B6136D /* TableListCellViewModel.swift */ = {isa = PBXFileReference; fileEncoding = 4; lastKnownFileType = sourcecode.swift; path = TableListCellViewModel.swift; sourceTree = "<group>"; };
		2959BCE629F1262900B6136D /* CountryPickerCell.swift */ = {isa = PBXFileReference; fileEncoding = 4; lastKnownFileType = sourcecode.swift; path = CountryPickerCell.swift; sourceTree = "<group>"; };
		2959BCEC29F126EE00B6136D /* AppCoordinator.swift */ = {isa = PBXFileReference; fileEncoding = 4; lastKnownFileType = sourcecode.swift; path = AppCoordinator.swift; sourceTree = "<group>"; };
		2959BCF029F1272400B6136D /* LaunchScreen.storyboard */ = {isa = PBXFileReference; fileEncoding = 4; lastKnownFileType = file.storyboard; path = LaunchScreen.storyboard; sourceTree = "<group>"; };
		2959BCF429F1278900B6136D /* SurferSeason.swift */ = {isa = PBXFileReference; fileEncoding = 4; lastKnownFileType = sourcecode.swift; path = SurferSeason.swift; sourceTree = "<group>"; };
		2959BCF629F1279B00B6136D /* SurfSpot.swift */ = {isa = PBXFileReference; fileEncoding = 4; lastKnownFileType = sourcecode.swift; path = SurfSpot.swift; sourceTree = "<group>"; };
		2959BCF829F127AD00B6136D /* Weather.swift */ = {isa = PBXFileReference; fileEncoding = 4; lastKnownFileType = sourcecode.swift; path = Weather.swift; sourceTree = "<group>"; };
		2959BCFA29F127BC00B6136D /* Country.swift */ = {isa = PBXFileReference; fileEncoding = 4; lastKnownFileType = sourcecode.swift; path = Country.swift; sourceTree = "<group>"; };
		2959BCFD29F127DA00B6136D /* BaseResponse.swift */ = {isa = PBXFileReference; fileEncoding = 4; lastKnownFileType = sourcecode.swift; path = BaseResponse.swift; sourceTree = "<group>"; };
		2959BCFF29F127DA00B6136D /* ApiError.swift */ = {isa = PBXFileReference; fileEncoding = 4; lastKnownFileType = sourcecode.swift; path = ApiError.swift; sourceTree = "<group>"; };
		2959BD0029F127DA00B6136D /* ApiErrorType.swift */ = {isa = PBXFileReference; fileEncoding = 4; lastKnownFileType = sourcecode.swift; path = ApiErrorType.swift; sourceTree = "<group>"; };
		2959BD0529F1280100B6136D /* UIViewController+Extensions.swift */ = {isa = PBXFileReference; fileEncoding = 4; lastKnownFileType = sourcecode.swift; path = "UIViewController+Extensions.swift"; sourceTree = "<group>"; };
		2959BD0629F1280100B6136D /* UIImage+Customize.swift */ = {isa = PBXFileReference; fileEncoding = 4; lastKnownFileType = sourcecode.swift; path = "UIImage+Customize.swift"; sourceTree = "<group>"; };
		2959BD0729F1280100B6136D /* UIColor+Customize.swift */ = {isa = PBXFileReference; fileEncoding = 4; lastKnownFileType = sourcecode.swift; path = "UIColor+Customize.swift"; sourceTree = "<group>"; };
		2959BD0829F1280100B6136D /* UIColor+Initialize.swift */ = {isa = PBXFileReference; fileEncoding = 4; lastKnownFileType = sourcecode.swift; path = "UIColor+Initialize.swift"; sourceTree = "<group>"; };
		2959BD0A29F1280100B6136D /* Single+Extensions.swift */ = {isa = PBXFileReference; fileEncoding = 4; lastKnownFileType = sourcecode.swift; path = "Single+Extensions.swift"; sourceTree = "<group>"; };
		2959BD0B29F1280100B6136D /* SVGImageProcessor.swift */ = {isa = PBXFileReference; fileEncoding = 4; lastKnownFileType = sourcecode.swift; path = SVGImageProcessor.swift; sourceTree = "<group>"; };
		2959BD1229F1283300B6136D /* String+Extensions.swift */ = {isa = PBXFileReference; fileEncoding = 4; lastKnownFileType = sourcecode.swift; path = "String+Extensions.swift"; sourceTree = "<group>"; };
		2959BD1629F128B100B6136D /* surf_spots_list.json */ = {isa = PBXFileReference; fileEncoding = 4; lastKnownFileType = text.json; path = surf_spots_list.json; sourceTree = "<group>"; };
		2959BD1729F128B100B6136D /* location_zones_list.json */ = {isa = PBXFileReference; fileEncoding = 4; lastKnownFileType = text.json; path = location_zones_list.json; sourceTree = "<group>"; };
		2959BD1829F128B100B6136D /* country_names_list.json */ = {isa = PBXFileReference; fileEncoding = 4; lastKnownFileType = text.json; path = country_names_list.json; sourceTree = "<group>"; };
		2959BD1C29F128EA00B6136D /* ApiKeys.swift */ = {isa = PBXFileReference; fileEncoding = 4; lastKnownFileType = sourcecode.swift; path = ApiKeys.swift; sourceTree = "<group>"; };
		2959BD2229F1293300B6136D /* Utils.swift */ = {isa = PBXFileReference; fileEncoding = 4; lastKnownFileType = sourcecode.swift; path = Utils.swift; sourceTree = "<group>"; };
		2959BD2A29F12A7700B6136D /* AppDelegate.swift */ = {isa = PBXFileReference; fileEncoding = 4; lastKnownFileType = sourcecode.swift; path = AppDelegate.swift; sourceTree = "<group>"; };
		2959BD2B29F12A7800B6136D /* SceneDelegate.swift */ = {isa = PBXFileReference; fileEncoding = 4; lastKnownFileType = sourcecode.swift; path = SceneDelegate.swift; sourceTree = "<group>"; };
		2959BD3029F12AC200B6136D /* Obfuscator.swift */ = {isa = PBXFileReference; fileEncoding = 4; lastKnownFileType = sourcecode.swift; path = Obfuscator.swift; sourceTree = "<group>"; };
		2959BD3229F12AC200B6136D /* RequestService.swift */ = {isa = PBXFileReference; fileEncoding = 4; lastKnownFileType = sourcecode.swift; path = RequestService.swift; sourceTree = "<group>"; };
		2959BD3329F12AC200B6136D /* LocationZoneService.swift */ = {isa = PBXFileReference; fileEncoding = 4; lastKnownFileType = sourcecode.swift; path = LocationZoneService.swift; sourceTree = "<group>"; };
		2959BD3429F12AC200B6136D /* CountryService.swift */ = {isa = PBXFileReference; fileEncoding = 4; lastKnownFileType = sourcecode.swift; path = CountryService.swift; sourceTree = "<group>"; };
		2959BD3529F12AC200B6136D /* SurfSpotService.swift */ = {isa = PBXFileReference; fileEncoding = 4; lastKnownFileType = sourcecode.swift; path = SurfSpotService.swift; sourceTree = "<group>"; };
		2959BD3729F12AC200B6136D /* ApiNetworkProtocol.swift */ = {isa = PBXFileReference; fileEncoding = 4; lastKnownFileType = sourcecode.swift; path = ApiNetworkProtocol.swift; sourceTree = "<group>"; };
		2959BD3829F12AC200B6136D /* JSONDataService.swift */ = {isa = PBXFileReference; fileEncoding = 4; lastKnownFileType = sourcecode.swift; path = JSONDataService.swift; sourceTree = "<group>"; };
		2959BD4029F12AE200B6136D /* Assets.xcassets */ = {isa = PBXFileReference; lastKnownFileType = folder.assetcatalog; path = Assets.xcassets; sourceTree = "<group>"; };
		2959BD4229F12B0C00B6136D /* SurfSpotsMapViewModel.swift */ = {isa = PBXFileReference; fileEncoding = 4; lastKnownFileType = sourcecode.swift; path = SurfSpotsMapViewModel.swift; sourceTree = "<group>"; };
		298BCF7729DCC235001D3D74 /* Utils.swift */ = {isa = PBXFileReference; lastKnownFileType = sourcecode.swift; path = Utils.swift; sourceTree = "<group>"; };
		29D1945129D9F46F00A22C4C /* Surf Pal.app */ = {isa = PBXFileReference; explicitFileType = wrapper.application; includeInIndex = 0; path = "Surf Pal.app"; sourceTree = BUILT_PRODUCTS_DIR; };
		29D1946229D9F47100A22C4C /* Info.plist */ = {isa = PBXFileReference; lastKnownFileType = text.plist.xml; path = Info.plist; sourceTree = "<group>"; };
		29EEBB3229F1056200873A66 /* Surf PalUITests.xctest */ = {isa = PBXFileReference; explicitFileType = wrapper.cfbundle; includeInIndex = 0; path = "Surf PalUITests.xctest"; sourceTree = BUILT_PRODUCTS_DIR; };
		29EEBB3429F1056200873A66 /* Surf_PalUITests.swift */ = {isa = PBXFileReference; lastKnownFileType = sourcecode.swift; path = Surf_PalUITests.swift; sourceTree = "<group>"; };
		29EEBB3629F1056200873A66 /* Surf_PalUITestsLaunchTests.swift */ = {isa = PBXFileReference; lastKnownFileType = sourcecode.swift; path = Surf_PalUITestsLaunchTests.swift; sourceTree = "<group>"; };
		29EEBB3D29F1093200873A66 /* SurfSpotsMapViewController_UITests.swift */ = {isa = PBXFileReference; lastKnownFileType = sourcecode.swift; path = SurfSpotsMapViewController_UITests.swift; sourceTree = "<group>"; };
		7A3E4A074B729A623C83F03D /* Pods-Surf Pal.debug.xcconfig */ = {isa = PBXFileReference; includeInIndex = 1; lastKnownFileType = text.xcconfig; name = "Pods-Surf Pal.debug.xcconfig"; path = "Target Support Files/Pods-Surf Pal/Pods-Surf Pal.debug.xcconfig"; sourceTree = "<group>"; };
		C33014A58E3B07F53A3E0984 /* Pods_Surf_Pal.framework */ = {isa = PBXFileReference; explicitFileType = wrapper.framework; includeInIndex = 0; path = Pods_Surf_Pal.framework; sourceTree = BUILT_PRODUCTS_DIR; };
		DA379BE5E59FF450290038B4 /* Pods-Surf Pal.release.xcconfig */ = {isa = PBXFileReference; includeInIndex = 1; lastKnownFileType = text.xcconfig; name = "Pods-Surf Pal.release.xcconfig"; path = "Target Support Files/Pods-Surf Pal/Pods-Surf Pal.release.xcconfig"; sourceTree = "<group>"; };
/* End PBXFileReference section */

/* Begin PBXFrameworksBuildPhase section */
		29D1944E29D9F46F00A22C4C /* Frameworks */ = {
			isa = PBXFrameworksBuildPhase;
			buildActionMask = 2147483647;
			files = (
				5835D35A0BE6CD7E67CAD7E9 /* Pods_Surf_Pal.framework in Frameworks */,
			);
			runOnlyForDeploymentPostprocessing = 0;
		};
		29EEBB2F29F1056200873A66 /* Frameworks */ = {
			isa = PBXFrameworksBuildPhase;
			buildActionMask = 2147483647;
			files = (
			);
			runOnlyForDeploymentPostprocessing = 0;
		};
/* End PBXFrameworksBuildPhase section */

/* Begin PBXGroup section */
		2959BCA129F1234700B6136D /* SurfSpotDetails */ = {
			isa = PBXGroup;
			children = (
				2959BCA229F1234700B6136D /* ViewModel */,
				2959BCA429F1234700B6136D /* View */,
			);
			path = SurfSpotDetails;
			sourceTree = "<group>";
		};
		2959BCA229F1234700B6136D /* ViewModel */ = {
			isa = PBXGroup;
			children = (
				2959BCA329F1234700B6136D /* SurfSpotDetailsViewModel.swift */,
			);
			path = ViewModel;
			sourceTree = "<group>";
		};
		2959BCA429F1234700B6136D /* View */ = {
			isa = PBXGroup;
			children = (
				2959BCA529F1234700B6136D /* SeasonView.swift */,
				2959BCA629F1234700B6136D /* WeatherView.swift */,
				2959BCA729F1234700B6136D /* WavesInfoView.swift */,
				2959BCA829F1234700B6136D /* SurfSpotDetailsViewController.swift */,
			);
			path = View;
			sourceTree = "<group>";
		};
		2959BCAE29F1238100B6136D /* SurfSpots */ = {
			isa = PBXGroup;
			children = (
				2959BCAF29F1238100B6136D /* ViewModel */,
				2959BCB429F1238100B6136D /* View */,
			);
			path = SurfSpots;
			sourceTree = "<group>";
		};
		2959BCAF29F1238100B6136D /* ViewModel */ = {
			isa = PBXGroup;
			children = (
				2959BCB029F1238100B6136D /* Map */,
				2959BCB229F1238100B6136D /* List */,
			);
			path = ViewModel;
			sourceTree = "<group>";
		};
		2959BCB029F1238100B6136D /* Map */ = {
			isa = PBXGroup;
			children = (
				2959BD4229F12B0C00B6136D /* SurfSpotsMapViewModel.swift */,
				2959BCB129F1238100B6136D /* SurfSpotSheetViewModel.swift */,
			);
			path = Map;
			sourceTree = "<group>";
		};
		2959BCB229F1238100B6136D /* List */ = {
			isa = PBXGroup;
			children = (
				2959BCB329F1238100B6136D /* SurfSpotsListViewModel.swift */,
			);
			path = List;
			sourceTree = "<group>";
		};
		2959BCB429F1238100B6136D /* View */ = {
			isa = PBXGroup;
			children = (
				2959BCB529F1238100B6136D /* Map */,
				2959BCBE29F1238100B6136D /* List */,
				2959BCC129F1238100B6136D /* SurfSpotsViewController.swift */,
			);
			path = View;
			sourceTree = "<group>";
		};
		2959BCB529F1238100B6136D /* Map */ = {
			isa = PBXGroup;
			children = (
				2959BCB629F1238100B6136D /* Clustering */,
				2959BCBC29F1238100B6136D /* SurfSpotsMapViewController.swift */,
				2959BCBD29F1238100B6136D /* SurfSpotSheetViewController.swift */,
			);
			path = Map;
			sourceTree = "<group>";
		};
		2959BCB629F1238100B6136D /* Clustering */ = {
			isa = PBXGroup;
			children = (
				2959BCB729F1238100B6136D /* SurfSpotsMapClusterAlgorithm.swift */,
				2959BCB829F1238100B6136D /* CountryCluster.swift */,
				2959BCB929F1238100B6136D /* SurfSpotsClusterItem.swift */,
				2959BCBA29F1238100B6136D /* CountryMarker.swift */,
				2959BCBB29F1238100B6136D /* SurfSpotsMapClusterRenderer.swift */,
			);
			path = Clustering;
			sourceTree = "<group>";
		};
		2959BCBE29F1238100B6136D /* List */ = {
			isa = PBXGroup;
			children = (
				2959BCBF29F1238100B6136D /* SurfSpotsListViewController.swift */,
				2959BCC029F1238100B6136D /* SurfSpotsListTableManager.swift */,
			);
			path = List;
			sourceTree = "<group>";
		};
		2959BCCE29F124EB00B6136D /* CountryPicker */ = {
			isa = PBXGroup;
			children = (
				2959BCCF29F124EB00B6136D /* CountryPickerViewController+Extensions.swift */,
				2959BCD029F124EB00B6136D /* CountryPickerViewController.swift */,
			);
			path = CountryPicker;
			sourceTree = "<group>";
		};
		2959BCD329F124F400B6136D /* Root */ = {
			isa = PBXGroup;
			children = (
				2959BCD429F124F400B6136D /* RootViewController.swift */,
			);
			path = Root;
			sourceTree = "<group>";
		};
		2959BCD629F125D100B6136D /* Managers */ = {
			isa = PBXGroup;
			children = (
				2959BCD729F125D100B6136D /* ListManager.swift */,
				2959BCD829F125D100B6136D /* TableManager.swift */,
			);
			path = Managers;
			sourceTree = "<group>";
		};
		2959BCDB29F125F300B6136D /* Resources */ = {
			isa = PBXGroup;
			children = (
				2959BCDC29F125F300B6136D /* google_maps_style.json */,
			);
			path = Resources;
			sourceTree = "<group>";
		};
		2959BCDE29F1260C00B6136D /* Protocols */ = {
			isa = PBXGroup;
			children = (
				2959BCDF29F1260C00B6136D /* Initializable.swift */,
			);
			path = Protocols;
			sourceTree = "<group>";
		};
		2959BCE129F1262900B6136D /* Cells */ = {
			isa = PBXGroup;
			children = (
				2959BCE229F1262900B6136D /* SectionHeaderView.swift */,
				2959BCE329F1262900B6136D /* TableListCell.swift */,
				2959BCE429F1262900B6136D /* TableListCellViewModel.swift */,
				2959BCE529F1262900B6136D /* CountryPicker */,
			);
			path = Cells;
			sourceTree = "<group>";
		};
		2959BCE529F1262900B6136D /* CountryPicker */ = {
			isa = PBXGroup;
			children = (
				2959BCE629F1262900B6136D /* CountryPickerCell.swift */,
			);
			path = CountryPicker;
			sourceTree = "<group>";
		};
		2959BCEB29F126EE00B6136D /* Coordinators */ = {
			isa = PBXGroup;
			children = (
				2959BCEC29F126EE00B6136D /* AppCoordinator.swift */,
			);
			path = Coordinators;
			sourceTree = "<group>";
		};
		2959BCF229F1277100B6136D /* Models */ = {
			isa = PBXGroup;
			children = (
				2959BCFC29F127DA00B6136D /* Common */,
				2959BCFA29F127BC00B6136D /* Country.swift */,
				2959BCF829F127AD00B6136D /* Weather.swift */,
				2959BCF329F1278900B6136D /* SurfSpot */,
			);
			name = Models;
			path = ../../../../../.Trash/Models;
			sourceTree = "<group>";
		};
		2959BCF329F1278900B6136D /* SurfSpot */ = {
			isa = PBXGroup;
			children = (
				2959BCF629F1279B00B6136D /* SurfSpot.swift */,
				2959BCF429F1278900B6136D /* SurferSeason.swift */,
			);
			path = SurfSpot;
			sourceTree = "<group>";
		};
		2959BCFC29F127DA00B6136D /* Common */ = {
			isa = PBXGroup;
			children = (
				2959BCFD29F127DA00B6136D /* BaseResponse.swift */,
				2959BCFE29F127DA00B6136D /* Error */,
			);
			path = Common;
			sourceTree = "<group>";
		};
		2959BCFE29F127DA00B6136D /* Error */ = {
			isa = PBXGroup;
			children = (
				2959BCFF29F127DA00B6136D /* ApiError.swift */,
				2959BD0029F127DA00B6136D /* ApiErrorType.swift */,
			);
			path = Error;
			sourceTree = "<group>";
		};
		2959BD0429F1280100B6136D /* Extensions */ = {
			isa = PBXGroup;
			children = (
				2959BD0929F1280100B6136D /* Rx */,
				2959BD1229F1283300B6136D /* String+Extensions.swift */,
				2959BD0729F1280100B6136D /* UIColor+Customize.swift */,
				2959BD0829F1280100B6136D /* UIColor+Initialize.swift */,
				2959BD0629F1280100B6136D /* UIImage+Customize.swift */,
				2959BD0B29F1280100B6136D /* SVGImageProcessor.swift */,
				2959BD0529F1280100B6136D /* UIViewController+Extensions.swift */,
			);
			name = Extensions;
			path = ../../../../../.Trash/Extensions;
			sourceTree = "<group>";
		};
		2959BD0929F1280100B6136D /* Rx */ = {
			isa = PBXGroup;
			children = (
				2959BD0A29F1280100B6136D /* Single+Extensions.swift */,
			);
			path = Rx;
			sourceTree = "<group>";
		};
		2959BD1429F128B100B6136D /* Storage */ = {
			isa = PBXGroup;
			children = (
				2959BD1C29F128EA00B6136D /* ApiKeys.swift */,
				2959BD1529F128B100B6136D /* JSON */,
			);
			name = Storage;
			path = ../../../../../.Trash/Storage;
			sourceTree = "<group>";
		};
		2959BD1529F128B100B6136D /* JSON */ = {
			isa = PBXGroup;
			children = (
				2959BD1629F128B100B6136D /* surf_spots_list.json */,
				2959BD1729F128B100B6136D /* location_zones_list.json */,
				2959BD1829F128B100B6136D /* country_names_list.json */,
			);
			path = JSON;
			sourceTree = "<group>";
		};
		2959BD2E29F12AC200B6136D /* Services */ = {
			isa = PBXGroup;
			children = (
				2959BD2F29F12AC200B6136D /* Security */,
				2959BD3129F12AC200B6136D /* Network */,
				2959BD3629F12AC200B6136D /* JSON */,
			);
			path = Services;
			sourceTree = "<group>";
		};
		2959BD2F29F12AC200B6136D /* Security */ = {
			isa = PBXGroup;
			children = (
				2959BD3029F12AC200B6136D /* Obfuscator.swift */,
			);
			path = Security;
			sourceTree = "<group>";
		};
		2959BD3129F12AC200B6136D /* Network */ = {
			isa = PBXGroup;
			children = (
				2959BD3229F12AC200B6136D /* RequestService.swift */,
				2959BD3329F12AC200B6136D /* LocationZoneService.swift */,
				2959BD3429F12AC200B6136D /* CountryService.swift */,
				2959BD3529F12AC200B6136D /* SurfSpotService.swift */,
			);
			path = Network;
			sourceTree = "<group>";
		};
		2959BD3629F12AC200B6136D /* JSON */ = {
			isa = PBXGroup;
			children = (
				2959BD3729F12AC200B6136D /* ApiNetworkProtocol.swift */,
				2959BD3829F12AC200B6136D /* JSONDataService.swift */,
			);
			path = JSON;
			sourceTree = "<group>";
		};
		299C401629DA28D0006C76E5 /* Controllers */ = {
			isa = PBXGroup;
			children = (
				2959BCD329F124F400B6136D /* Root */,
				2959BCCE29F124EB00B6136D /* CountryPicker */,
				2959BCAE29F1238100B6136D /* SurfSpots */,
				2959BCA129F1234700B6136D /* SurfSpotDetails */,
			);
			path = Controllers;
			sourceTree = "<group>";
		};
		29D1944829D9F46F00A22C4C = {
			isa = PBXGroup;
			children = (
				29D1945329D9F46F00A22C4C /* Surf Pal */,
				29EEBB3329F1056200873A66 /* Surf PalUITests */,
				29D1945229D9F46F00A22C4C /* Products */,
				AAF982634C0BB160EA63B4FD /* Pods */,
				3C10F7D2FCF0EA869BC92E0A /* Frameworks */,
			);
			sourceTree = "<group>";
		};
		29D1945229D9F46F00A22C4C /* Products */ = {
			isa = PBXGroup;
			children = (
				29D1945129D9F46F00A22C4C /* Surf Pal.app */,
				29EEBB3229F1056200873A66 /* Surf PalUITests.xctest */,
			);
			name = Products;
			sourceTree = "<group>";
		};
		29D1945329D9F46F00A22C4C /* Surf Pal */ = {
			isa = PBXGroup;
			children = (
				2959BCDB29F125F300B6136D /* Resources */,
				2959BCD629F125D100B6136D /* Managers */,
				2959BCDE29F1260C00B6136D /* Protocols */,
				299C401629DA28D0006C76E5 /* Controllers */,
				2959BCE129F1262900B6136D /* Cells */,
				2959BCEB29F126EE00B6136D /* Coordinators */,
				2959BCF029F1272400B6136D /* LaunchScreen.storyboard */,
				2959BCF229F1277100B6136D /* Models */,
				2959BD0429F1280100B6136D /* Extensions */,
				2959BD4029F12AE200B6136D /* Assets.xcassets */,
				2959BD2229F1293300B6136D /* Utils.swift */,
				2959BD2A29F12A7700B6136D /* AppDelegate.swift */,
				2959BD2B29F12A7800B6136D /* SceneDelegate.swift */,
				2959BD2E29F12AC200B6136D /* Services */,
				2959BD1429F128B100B6136D /* Storage */,
				29D1946229D9F47100A22C4C /* Info.plist */,
				298BCF7729DCC235001D3D74 /* Utils.swift */,
			);
			path = "Surf Pal";
			sourceTree = "<group>";
		};
		29EEBB3329F1056200873A66 /* Surf PalUITests */ = {
			isa = PBXGroup;
			children = (
				29EEBB3429F1056200873A66 /* Surf_PalUITests.swift */,
				29EEBB3629F1056200873A66 /* Surf_PalUITestsLaunchTests.swift */,
				29EEBB3D29F1093200873A66 /* SurfSpotsMapViewController_UITests.swift */,
			);
			path = "Surf PalUITests";
			sourceTree = "<group>";
		};
		3C10F7D2FCF0EA869BC92E0A /* Frameworks */ = {
			isa = PBXGroup;
			children = (
				C33014A58E3B07F53A3E0984 /* Pods_Surf_Pal.framework */,
			);
			name = Frameworks;
			sourceTree = "<group>";
		};
		AAF982634C0BB160EA63B4FD /* Pods */ = {
			isa = PBXGroup;
			children = (
				7A3E4A074B729A623C83F03D /* Pods-Surf Pal.debug.xcconfig */,
				DA379BE5E59FF450290038B4 /* Pods-Surf Pal.release.xcconfig */,
			);
			path = Pods;
			sourceTree = "<group>";
		};
/* End PBXGroup section */

/* Begin PBXNativeTarget section */
		29D1945029D9F46F00A22C4C /* Surf Pal */ = {
			isa = PBXNativeTarget;
			buildConfigurationList = 29D1946529D9F47100A22C4C /* Build configuration list for PBXNativeTarget "Surf Pal" */;
			buildPhases = (
				ACC81E63E4F973C4C1F87F1C /* [CP] Check Pods Manifest.lock */,
				29D1944D29D9F46F00A22C4C /* Sources */,
				29D1944E29D9F46F00A22C4C /* Frameworks */,
				29D1944F29D9F46F00A22C4C /* Resources */,
				291EA46E91BB0917588385A0 /* [CP] Embed Pods Frameworks */,
				EF390F33599A08EB16B556C0 /* [CP] Copy Pods Resources */,
			);
			buildRules = (
			);
			dependencies = (
			);
			name = "Surf Pal";
			productName = "Surf Pal";
			productReference = 29D1945129D9F46F00A22C4C /* Surf Pal.app */;
			productType = "com.apple.product-type.application";
		};
		29EEBB3129F1056200873A66 /* Surf PalUITests */ = {
			isa = PBXNativeTarget;
			buildConfigurationList = 29EEBB3C29F1056200873A66 /* Build configuration list for PBXNativeTarget "Surf PalUITests" */;
			buildPhases = (
				29EEBB2E29F1056200873A66 /* Sources */,
				29EEBB2F29F1056200873A66 /* Frameworks */,
				29EEBB3029F1056200873A66 /* Resources */,
			);
			buildRules = (
			);
			dependencies = (
				29EEBB3929F1056200873A66 /* PBXTargetDependency */,
			);
			name = "Surf PalUITests";
			productName = "Surf PalUITests";
			productReference = 29EEBB3229F1056200873A66 /* Surf PalUITests.xctest */;
			productType = "com.apple.product-type.bundle.ui-testing";
		};
/* End PBXNativeTarget section */

/* Begin PBXProject section */
		29D1944929D9F46F00A22C4C /* Project object */ = {
			isa = PBXProject;
			attributes = {
				BuildIndependentTargetsInParallel = 1;
				LastSwiftUpdateCheck = 1430;
				LastUpgradeCheck = 1420;
				TargetAttributes = {
					29D1945029D9F46F00A22C4C = {
						CreatedOnToolsVersion = 14.2;
					};
					29EEBB3129F1056200873A66 = {
						CreatedOnToolsVersion = 14.3;
						TestTargetID = 29D1945029D9F46F00A22C4C;
					};
				};
			};
			buildConfigurationList = 29D1944C29D9F46F00A22C4C /* Build configuration list for PBXProject "Surf Pal" */;
			compatibilityVersion = "Xcode 14.0";
			developmentRegion = en;
			hasScannedForEncodings = 0;
			knownRegions = (
				en,
				Base,
			);
			mainGroup = 29D1944829D9F46F00A22C4C;
			productRefGroup = 29D1945229D9F46F00A22C4C /* Products */;
			projectDirPath = "";
			projectRoot = "";
			targets = (
				29D1945029D9F46F00A22C4C /* Surf Pal */,
				29EEBB3129F1056200873A66 /* Surf PalUITests */,
			);
		};
/* End PBXProject section */

/* Begin PBXResourcesBuildPhase section */
		29D1944F29D9F46F00A22C4C /* Resources */ = {
			isa = PBXResourcesBuildPhase;
			buildActionMask = 2147483647;
			files = (
				2959BD4129F12AE200B6136D /* Assets.xcassets in Resources */,
				2959BD1B29F128B100B6136D /* country_names_list.json in Resources */,
				2959BD1A29F128B100B6136D /* location_zones_list.json in Resources */,
				2959BD1929F128B100B6136D /* surf_spots_list.json in Resources */,
				2959BCDD29F125F300B6136D /* google_maps_style.json in Resources */,
				2959BCF129F1272400B6136D /* LaunchScreen.storyboard in Resources */,
			);
			runOnlyForDeploymentPostprocessing = 0;
		};
		29EEBB3029F1056200873A66 /* Resources */ = {
			isa = PBXResourcesBuildPhase;
			buildActionMask = 2147483647;
			files = (
			);
			runOnlyForDeploymentPostprocessing = 0;
		};
/* End PBXResourcesBuildPhase section */

/* Begin PBXShellScriptBuildPhase section */
		291EA46E91BB0917588385A0 /* [CP] Embed Pods Frameworks */ = {
			isa = PBXShellScriptBuildPhase;
			buildActionMask = 2147483647;
			files = (
			);
			inputFileListPaths = (
				"${PODS_ROOT}/Target Support Files/Pods-Surf Pal/Pods-Surf Pal-frameworks-${CONFIGURATION}-input-files.xcfilelist",
			);
			name = "[CP] Embed Pods Frameworks";
			outputFileListPaths = (
				"${PODS_ROOT}/Target Support Files/Pods-Surf Pal/Pods-Surf Pal-frameworks-${CONFIGURATION}-output-files.xcfilelist",
			);
			runOnlyForDeploymentPostprocessing = 0;
			shellPath = /bin/sh;
			shellScript = "\"${PODS_ROOT}/Target Support Files/Pods-Surf Pal/Pods-Surf Pal-frameworks.sh\"\n";
			showEnvVarsInLog = 0;
		};
		ACC81E63E4F973C4C1F87F1C /* [CP] Check Pods Manifest.lock */ = {
			isa = PBXShellScriptBuildPhase;
			buildActionMask = 2147483647;
			files = (
			);
			inputFileListPaths = (
			);
			inputPaths = (
				"${PODS_PODFILE_DIR_PATH}/Podfile.lock",
				"${PODS_ROOT}/Manifest.lock",
			);
			name = "[CP] Check Pods Manifest.lock";
			outputFileListPaths = (
			);
			outputPaths = (
				"$(DERIVED_FILE_DIR)/Pods-Surf Pal-checkManifestLockResult.txt",
			);
			runOnlyForDeploymentPostprocessing = 0;
			shellPath = /bin/sh;
			shellScript = "diff \"${PODS_PODFILE_DIR_PATH}/Podfile.lock\" \"${PODS_ROOT}/Manifest.lock\" > /dev/null\nif [ $? != 0 ] ; then\n    # print error to STDERR\n    echo \"error: The sandbox is not in sync with the Podfile.lock. Run 'pod install' or update your CocoaPods installation.\" >&2\n    exit 1\nfi\n# This output is used by Xcode 'outputs' to avoid re-running this script phase.\necho \"SUCCESS\" > \"${SCRIPT_OUTPUT_FILE_0}\"\n";
			showEnvVarsInLog = 0;
		};
		EF390F33599A08EB16B556C0 /* [CP] Copy Pods Resources */ = {
			isa = PBXShellScriptBuildPhase;
			buildActionMask = 2147483647;
			files = (
			);
			inputFileListPaths = (
				"${PODS_ROOT}/Target Support Files/Pods-Surf Pal/Pods-Surf Pal-resources-${CONFIGURATION}-input-files.xcfilelist",
			);
			name = "[CP] Copy Pods Resources";
			outputFileListPaths = (
				"${PODS_ROOT}/Target Support Files/Pods-Surf Pal/Pods-Surf Pal-resources-${CONFIGURATION}-output-files.xcfilelist",
			);
			runOnlyForDeploymentPostprocessing = 0;
			shellPath = /bin/sh;
			shellScript = "\"${PODS_ROOT}/Target Support Files/Pods-Surf Pal/Pods-Surf Pal-resources.sh\"\n";
			showEnvVarsInLog = 0;
		};
/* End PBXShellScriptBuildPhase section */

/* Begin PBXSourcesBuildPhase section */
		29D1944D29D9F46F00A22C4C /* Sources */ = {
			isa = PBXSourcesBuildPhase;
			buildActionMask = 2147483647;
			files = (
				2959BCC929F1238100B6136D /* SurfSpotsMapViewController.swift in Sources */,
				2959BD0229F127DA00B6136D /* ApiError.swift in Sources */,
				2959BD1D29F128EA00B6136D /* ApiKeys.swift in Sources */,
				2959BCD129F124EB00B6136D /* CountryPickerViewController+Extensions.swift in Sources */,
				298BCF7829DCC235001D3D74 /* Utils.swift in Sources */,
				2959BCCD29F1238100B6136D /* SurfSpotsViewController.swift in Sources */,
				2959BCC829F1238100B6136D /* SurfSpotsMapClusterRenderer.swift in Sources */,
				2959BCFB29F127BC00B6136D /* Country.swift in Sources */,
				2959BCCC29F1238100B6136D /* SurfSpotsListTableManager.swift in Sources */,
				2959BCEA29F1262900B6136D /* CountryPickerCell.swift in Sources */,
				2959BCCB29F1238100B6136D /* SurfSpotsListViewController.swift in Sources */,
				2959BD2D29F12A7800B6136D /* SceneDelegate.swift in Sources */,
				2959BD0129F127DA00B6136D /* BaseResponse.swift in Sources */,
				2959BCC529F1238100B6136D /* CountryCluster.swift in Sources */,
				2959BCE829F1262900B6136D /* TableListCell.swift in Sources */,
				2959BCCA29F1238100B6136D /* SurfSpotSheetViewController.swift in Sources */,
				2959BCDA29F125D100B6136D /* TableManager.swift in Sources */,
				2959BCE029F1260C00B6136D /* Initializable.swift in Sources */,
				2959BD3B29F12AC200B6136D /* LocationZoneService.swift in Sources */,
				2959BCC229F1238100B6136D /* SurfSpotSheetViewModel.swift in Sources */,
				2959BD3E29F12AC200B6136D /* ApiNetworkProtocol.swift in Sources */,
				2959BD0C29F1280100B6136D /* UIViewController+Extensions.swift in Sources */,
				2959BCD529F124F400B6136D /* RootViewController.swift in Sources */,
				2959BCAA29F1234700B6136D /* SeasonView.swift in Sources */,
				2959BD3D29F12AC200B6136D /* SurfSpotService.swift in Sources */,
				2959BD4329F12B0C00B6136D /* SurfSpotsMapViewModel.swift in Sources */,
				2959BD0E29F1280100B6136D /* UIColor+Customize.swift in Sources */,
				2959BCA929F1234700B6136D /* SurfSpotDetailsViewModel.swift in Sources */,
				2959BCC329F1238100B6136D /* SurfSpotsListViewModel.swift in Sources */,
				2959BCAC29F1234700B6136D /* WavesInfoView.swift in Sources */,
				2959BCAB29F1234700B6136D /* WeatherView.swift in Sources */,
				2959BCC729F1238100B6136D /* CountryMarker.swift in Sources */,
				2959BCC629F1238100B6136D /* SurfSpotsClusterItem.swift in Sources */,
				2959BD3C29F12AC200B6136D /* CountryService.swift in Sources */,
				2959BD3F29F12AC200B6136D /* JSONDataService.swift in Sources */,
				2959BD1029F1280100B6136D /* Single+Extensions.swift in Sources */,
				2959BD1329F1283300B6136D /* String+Extensions.swift in Sources */,
				2959BCC429F1238100B6136D /* SurfSpotsMapClusterAlgorithm.swift in Sources */,
				2959BD2329F1293300B6136D /* Utils.swift in Sources */,
				2959BCF529F1278900B6136D /* SurferSeason.swift in Sources */,
				2959BCD229F124EB00B6136D /* CountryPickerViewController.swift in Sources */,
				2959BD3A29F12AC200B6136D /* RequestService.swift in Sources */,
				2959BD3929F12AC200B6136D /* Obfuscator.swift in Sources */,
				2959BCF729F1279B00B6136D /* SurfSpot.swift in Sources */,
				2959BD0329F127DA00B6136D /* ApiErrorType.swift in Sources */,
				2959BCF929F127AD00B6136D /* Weather.swift in Sources */,
				2959BCAD29F1234700B6136D /* SurfSpotDetailsViewController.swift in Sources */,
				2959BCE729F1262900B6136D /* SectionHeaderView.swift in Sources */,
				2959BD0F29F1280100B6136D /* UIColor+Initialize.swift in Sources */,
				2959BD1129F1280100B6136D /* SVGImageProcessor.swift in Sources */,
				2959BD0D29F1280100B6136D /* UIImage+Customize.swift in Sources */,
				2959BCED29F126EE00B6136D /* AppCoordinator.swift in Sources */,
				2959BCD929F125D100B6136D /* ListManager.swift in Sources */,
				2959BCE929F1262900B6136D /* TableListCellViewModel.swift in Sources */,
				2959BD2C29F12A7800B6136D /* AppDelegate.swift in Sources */,
			);
			runOnlyForDeploymentPostprocessing = 0;
		};
		29EEBB2E29F1056200873A66 /* Sources */ = {
			isa = PBXSourcesBuildPhase;
			buildActionMask = 2147483647;
			files = (
				29EEBB3729F1056200873A66 /* Surf_PalUITestsLaunchTests.swift in Sources */,
				29EEBB3E29F1093200873A66 /* SurfSpotsMapViewController_UITests.swift in Sources */,
				29EEBB3529F1056200873A66 /* Surf_PalUITests.swift in Sources */,
			);
			runOnlyForDeploymentPostprocessing = 0;
		};
/* End PBXSourcesBuildPhase section */

/* Begin PBXTargetDependency section */
		29EEBB3929F1056200873A66 /* PBXTargetDependency */ = {
			isa = PBXTargetDependency;
			target = 29D1945029D9F46F00A22C4C /* Surf Pal */;
			targetProxy = 29EEBB3829F1056200873A66 /* PBXContainerItemProxy */;
		};
/* End PBXTargetDependency section */

/* Begin XCBuildConfiguration section */
		29D1946329D9F47100A22C4C /* Debug */ = {
			isa = XCBuildConfiguration;
			buildSettings = {
				ALWAYS_SEARCH_USER_PATHS = NO;
				CLANG_ANALYZER_NONNULL = YES;
				CLANG_ANALYZER_NUMBER_OBJECT_CONVERSION = YES_AGGRESSIVE;
				CLANG_CXX_LANGUAGE_STANDARD = "gnu++20";
				CLANG_ENABLE_MODULES = YES;
				CLANG_ENABLE_OBJC_ARC = YES;
				CLANG_ENABLE_OBJC_WEAK = YES;
				CLANG_WARN_BLOCK_CAPTURE_AUTORELEASING = YES;
				CLANG_WARN_BOOL_CONVERSION = YES;
				CLANG_WARN_COMMA = YES;
				CLANG_WARN_CONSTANT_CONVERSION = YES;
				CLANG_WARN_DEPRECATED_OBJC_IMPLEMENTATIONS = YES;
				CLANG_WARN_DIRECT_OBJC_ISA_USAGE = YES_ERROR;
				CLANG_WARN_DOCUMENTATION_COMMENTS = YES;
				CLANG_WARN_EMPTY_BODY = YES;
				CLANG_WARN_ENUM_CONVERSION = YES;
				CLANG_WARN_INFINITE_RECURSION = YES;
				CLANG_WARN_INT_CONVERSION = YES;
				CLANG_WARN_NON_LITERAL_NULL_CONVERSION = YES;
				CLANG_WARN_OBJC_IMPLICIT_RETAIN_SELF = YES;
				CLANG_WARN_OBJC_LITERAL_CONVERSION = YES;
				CLANG_WARN_OBJC_ROOT_CLASS = YES_ERROR;
				CLANG_WARN_QUOTED_INCLUDE_IN_FRAMEWORK_HEADER = YES;
				CLANG_WARN_RANGE_LOOP_ANALYSIS = YES;
				CLANG_WARN_STRICT_PROTOTYPES = YES;
				CLANG_WARN_SUSPICIOUS_MOVE = YES;
				CLANG_WARN_UNGUARDED_AVAILABILITY = YES_AGGRESSIVE;
				CLANG_WARN_UNREACHABLE_CODE = YES;
				CLANG_WARN__DUPLICATE_METHOD_MATCH = YES;
				COPY_PHASE_STRIP = NO;
				DEBUG_INFORMATION_FORMAT = dwarf;
				ENABLE_STRICT_OBJC_MSGSEND = YES;
				ENABLE_TESTABILITY = YES;
				GCC_C_LANGUAGE_STANDARD = gnu11;
				GCC_DYNAMIC_NO_PIC = NO;
				GCC_NO_COMMON_BLOCKS = YES;
				GCC_OPTIMIZATION_LEVEL = 0;
				GCC_PREPROCESSOR_DEFINITIONS = (
					"DEBUG=1",
					"$(inherited)",
				);
				GCC_WARN_64_TO_32_BIT_CONVERSION = YES;
				GCC_WARN_ABOUT_RETURN_TYPE = YES_ERROR;
				GCC_WARN_UNDECLARED_SELECTOR = YES;
				GCC_WARN_UNINITIALIZED_AUTOS = YES_AGGRESSIVE;
				GCC_WARN_UNUSED_FUNCTION = YES;
				GCC_WARN_UNUSED_VARIABLE = YES;
				IPHONEOS_DEPLOYMENT_TARGET = 16.2;
				MTL_ENABLE_DEBUG_INFO = INCLUDE_SOURCE;
				MTL_FAST_MATH = YES;
				ONLY_ACTIVE_ARCH = YES;
				SDKROOT = iphoneos;
				SWIFT_ACTIVE_COMPILATION_CONDITIONS = DEBUG;
				SWIFT_OPTIMIZATION_LEVEL = "-Onone";
			};
			name = Debug;
		};
		29D1946429D9F47100A22C4C /* Release */ = {
			isa = XCBuildConfiguration;
			buildSettings = {
				ALWAYS_SEARCH_USER_PATHS = NO;
				CLANG_ANALYZER_NONNULL = YES;
				CLANG_ANALYZER_NUMBER_OBJECT_CONVERSION = YES_AGGRESSIVE;
				CLANG_CXX_LANGUAGE_STANDARD = "gnu++20";
				CLANG_ENABLE_MODULES = YES;
				CLANG_ENABLE_OBJC_ARC = YES;
				CLANG_ENABLE_OBJC_WEAK = YES;
				CLANG_WARN_BLOCK_CAPTURE_AUTORELEASING = YES;
				CLANG_WARN_BOOL_CONVERSION = YES;
				CLANG_WARN_COMMA = YES;
				CLANG_WARN_CONSTANT_CONVERSION = YES;
				CLANG_WARN_DEPRECATED_OBJC_IMPLEMENTATIONS = YES;
				CLANG_WARN_DIRECT_OBJC_ISA_USAGE = YES_ERROR;
				CLANG_WARN_DOCUMENTATION_COMMENTS = YES;
				CLANG_WARN_EMPTY_BODY = YES;
				CLANG_WARN_ENUM_CONVERSION = YES;
				CLANG_WARN_INFINITE_RECURSION = YES;
				CLANG_WARN_INT_CONVERSION = YES;
				CLANG_WARN_NON_LITERAL_NULL_CONVERSION = YES;
				CLANG_WARN_OBJC_IMPLICIT_RETAIN_SELF = YES;
				CLANG_WARN_OBJC_LITERAL_CONVERSION = YES;
				CLANG_WARN_OBJC_ROOT_CLASS = YES_ERROR;
				CLANG_WARN_QUOTED_INCLUDE_IN_FRAMEWORK_HEADER = YES;
				CLANG_WARN_RANGE_LOOP_ANALYSIS = YES;
				CLANG_WARN_STRICT_PROTOTYPES = YES;
				CLANG_WARN_SUSPICIOUS_MOVE = YES;
				CLANG_WARN_UNGUARDED_AVAILABILITY = YES_AGGRESSIVE;
				CLANG_WARN_UNREACHABLE_CODE = YES;
				CLANG_WARN__DUPLICATE_METHOD_MATCH = YES;
				COPY_PHASE_STRIP = NO;
				DEBUG_INFORMATION_FORMAT = "dwarf-with-dsym";
				ENABLE_NS_ASSERTIONS = NO;
				ENABLE_STRICT_OBJC_MSGSEND = YES;
				GCC_C_LANGUAGE_STANDARD = gnu11;
				GCC_NO_COMMON_BLOCKS = YES;
				GCC_WARN_64_TO_32_BIT_CONVERSION = YES;
				GCC_WARN_ABOUT_RETURN_TYPE = YES_ERROR;
				GCC_WARN_UNDECLARED_SELECTOR = YES;
				GCC_WARN_UNINITIALIZED_AUTOS = YES_AGGRESSIVE;
				GCC_WARN_UNUSED_FUNCTION = YES;
				GCC_WARN_UNUSED_VARIABLE = YES;
				IPHONEOS_DEPLOYMENT_TARGET = 16.2;
				MTL_ENABLE_DEBUG_INFO = NO;
				MTL_FAST_MATH = YES;
				SDKROOT = iphoneos;
				SWIFT_COMPILATION_MODE = wholemodule;
				SWIFT_OPTIMIZATION_LEVEL = "-O";
				VALIDATE_PRODUCT = YES;
			};
			name = Release;
		};
		29D1946629D9F47100A22C4C /* Debug */ = {
			isa = XCBuildConfiguration;
			baseConfigurationReference = 7A3E4A074B729A623C83F03D /* Pods-Surf Pal.debug.xcconfig */;
			buildSettings = {
				ASSETCATALOG_COMPILER_APPICON_NAME = AppIcon;
				ASSETCATALOG_COMPILER_GLOBAL_ACCENT_COLOR_NAME = AccentColor;
				CODE_SIGN_STYLE = Automatic;
				CURRENT_PROJECT_VERSION = 1;
				GENERATE_INFOPLIST_FILE = YES;
				INFOPLIST_FILE = "Surf Pal/Info.plist";
				INFOPLIST_KEY_LSApplicationCategoryType = "public.app-category.travel";
				INFOPLIST_KEY_UIApplicationSupportsIndirectInputEvents = YES;
				INFOPLIST_KEY_UILaunchStoryboardName = LaunchScreen.storyboard;
				INFOPLIST_KEY_UIMainStoryboardFile = "";
				INFOPLIST_KEY_UISupportedInterfaceOrientations = UIInterfaceOrientationPortrait;
				INFOPLIST_KEY_UISupportedInterfaceOrientations_iPad = "UIInterfaceOrientationLandscapeLeft UIInterfaceOrientationLandscapeRight UIInterfaceOrientationPortrait UIInterfaceOrientationPortraitUpsideDown";
				IPHONEOS_DEPLOYMENT_TARGET = 14.0;
				LD_RUNPATH_SEARCH_PATHS = (
					"$(inherited)",
					"@executable_path/Frameworks",
				);
				MARKETING_VERSION = 1.0.0;
				PRODUCT_BUNDLE_IDENTIFIER = "com.surf-pal.Surf-Pal";
				PRODUCT_NAME = "$(TARGET_NAME)";
				SUPPORTED_PLATFORMS = "iphoneos iphonesimulator";
				SUPPORTS_MACCATALYST = NO;
				SUPPORTS_MAC_DESIGNED_FOR_IPHONE_IPAD = NO;
				SWIFT_EMIT_LOC_STRINGS = YES;
				SWIFT_VERSION = 5.0;
				TARGETED_DEVICE_FAMILY = 1;
			};
			name = Debug;
		};
		29D1946729D9F47100A22C4C /* Release */ = {
			isa = XCBuildConfiguration;
			baseConfigurationReference = DA379BE5E59FF450290038B4 /* Pods-Surf Pal.release.xcconfig */;
			buildSettings = {
				ASSETCATALOG_COMPILER_APPICON_NAME = AppIcon;
				ASSETCATALOG_COMPILER_GLOBAL_ACCENT_COLOR_NAME = AccentColor;
				CODE_SIGN_STYLE = Automatic;
				CURRENT_PROJECT_VERSION = 1;
				GENERATE_INFOPLIST_FILE = YES;
				INFOPLIST_FILE = "Surf Pal/Info.plist";
				INFOPLIST_KEY_LSApplicationCategoryType = "public.app-category.travel";
				INFOPLIST_KEY_UIApplicationSupportsIndirectInputEvents = YES;
				INFOPLIST_KEY_UILaunchStoryboardName = LaunchScreen.storyboard;
				INFOPLIST_KEY_UIMainStoryboardFile = "";
				INFOPLIST_KEY_UISupportedInterfaceOrientations = UIInterfaceOrientationPortrait;
				INFOPLIST_KEY_UISupportedInterfaceOrientations_iPad = "UIInterfaceOrientationLandscapeLeft UIInterfaceOrientationLandscapeRight UIInterfaceOrientationPortrait UIInterfaceOrientationPortraitUpsideDown";
				IPHONEOS_DEPLOYMENT_TARGET = 14.0;
				LD_RUNPATH_SEARCH_PATHS = (
					"$(inherited)",
					"@executable_path/Frameworks",
				);
				MARKETING_VERSION = 1.0.0;
				PRODUCT_BUNDLE_IDENTIFIER = "com.surf-pal.Surf-Pal";
				PRODUCT_NAME = "$(TARGET_NAME)";
				SUPPORTED_PLATFORMS = "iphoneos iphonesimulator";
				SUPPORTS_MACCATALYST = NO;
				SUPPORTS_MAC_DESIGNED_FOR_IPHONE_IPAD = NO;
				SWIFT_EMIT_LOC_STRINGS = YES;
				SWIFT_VERSION = 5.0;
				TARGETED_DEVICE_FAMILY = 1;
			};
			name = Release;
		};
		29EEBB3A29F1056200873A66 /* Debug */ = {
			isa = XCBuildConfiguration;
			buildSettings = {
				BUNDLE_LOADER = "$(BUILT_PRODUCTS_DIR)/Surf Pal.app/Surf Pal";
				CODE_SIGN_STYLE = Automatic;
				CURRENT_PROJECT_VERSION = 1;
				GENERATE_INFOPLIST_FILE = YES;
				IPHONEOS_DEPLOYMENT_TARGET = 16.4;
				MARKETING_VERSION = 1.0;
				PRODUCT_BUNDLE_IDENTIFIER = "com.surf-pal.Surf-PalUITests";
				PRODUCT_NAME = "$(TARGET_NAME)";
				SWIFT_EMIT_LOC_STRINGS = NO;
				SWIFT_VERSION = 5.0;
				TARGETED_DEVICE_FAMILY = "1,2";
				TEST_TARGET_NAME = "Surf Pal";
			};
			name = Debug;
		};
		29EEBB3B29F1056200873A66 /* Release */ = {
			isa = XCBuildConfiguration;
			buildSettings = {
				BUNDLE_LOADER = "$(BUILT_PRODUCTS_DIR)/Surf Pal.app/Surf Pal";
				CODE_SIGN_STYLE = Automatic;
				CURRENT_PROJECT_VERSION = 1;
				GENERATE_INFOPLIST_FILE = YES;
				IPHONEOS_DEPLOYMENT_TARGET = 16.4;
				MARKETING_VERSION = 1.0;
				PRODUCT_BUNDLE_IDENTIFIER = "com.surf-pal.Surf-PalUITests";
				PRODUCT_NAME = "$(TARGET_NAME)";
				SWIFT_EMIT_LOC_STRINGS = NO;
				SWIFT_VERSION = 5.0;
				TARGETED_DEVICE_FAMILY = "1,2";
				TEST_TARGET_NAME = "Surf Pal";
			};
			name = Release;
		};
/* End XCBuildConfiguration section */

/* Begin XCConfigurationList section */
		29D1944C29D9F46F00A22C4C /* Build configuration list for PBXProject "Surf Pal" */ = {
			isa = XCConfigurationList;
			buildConfigurations = (
				29D1946329D9F47100A22C4C /* Debug */,
				29D1946429D9F47100A22C4C /* Release */,
			);
			defaultConfigurationIsVisible = 0;
			defaultConfigurationName = Release;
		};
		29D1946529D9F47100A22C4C /* Build configuration list for PBXNativeTarget "Surf Pal" */ = {
			isa = XCConfigurationList;
			buildConfigurations = (
				29D1946629D9F47100A22C4C /* Debug */,
				29D1946729D9F47100A22C4C /* Release */,
			);
			defaultConfigurationIsVisible = 0;
			defaultConfigurationName = Release;
		};
		29EEBB3C29F1056200873A66 /* Build configuration list for PBXNativeTarget "Surf PalUITests" */ = {
			isa = XCConfigurationList;
			buildConfigurations = (
				29EEBB3A29F1056200873A66 /* Debug */,
				29EEBB3B29F1056200873A66 /* Release */,
			);
			defaultConfigurationIsVisible = 0;
			defaultConfigurationName = Release;
		};
/* End XCConfigurationList section */
	};
	rootObject = 29D1944929D9F46F00A22C4C /* Project object */;
}
